
Microsoft Visual Studio Solution File, Format Version 12.00
# Visual Studio Version 16
VisualStudioVersion = 16.0.29519.87
MinimumVisualStudioVersion = 10.0.40219.1
Project("{FAE04EC0-301F-11D3-BF4B-00C04F79EFBC}") = "AzControlPanel", "AzControlPanel\AzControlPanel.csproj", "{35AE63EF-E7DB-4EBC-B238-4449A1D07E87}"
EndProject
Global
	GlobalSection(SolutionConfigurationPlatforms) = preSolution
		Debug|Any CPU = Debug|Any CPU
		Release|Any CPU = Release|Any CPU
	EndGlobalSection
	GlobalSection(ProjectConfigurationPlatforms) = postSolution
		{35AE63EF-E7DB-4EBC-B238-4449A1D07E87}.Debug|Any CPU.ActiveCfg = Debug|Any CPU
		{35AE63EF-E7DB-4EBC-B238-4449A1D07E87}.Debug|Any CPU.Build.0 = Debug|Any CPU
		{35AE63EF-E7DB-4EBC-B238-4449A1D07E87}.Release|Any CPU.ActiveCfg = Release|Any CPU
		{35AE63EF-E7DB-4EBC-B238-4449A1D07E87}.Release|Any CPU.Build.0 = Release|Any CPU
	EndGlobalSection
	GlobalSection(SolutionProperties) = preSolution
		HideSolutionNode = FALSE
	EndGlobalSection
	GlobalSection(ExtensibilityGlobals) = postSolution
		SolutionGuid = {15133E14-41FC-4588-BB32-CFA83E92A145}
	EndGlobalSection
EndGlobal
